
Microsoft Visual Studio Solution File, Format Version 12.00
# Visual Studio Version 17
VisualStudioVersion = 17.7.34018.315
MinimumVisualStudioVersion = 10.0.40219.1
Project("{FAE04EC0-301F-11D3-BF4B-00C04F79EFBC}") = "Exam", "Exam.csproj", "{5FDE8306-68C3-4848-A563-3448EB32A74C}"
EndProject
Global
	GlobalSection(SolutionConfigurationPlatforms) = preSolution
		Debug|Any CPU = Debug|Any CPU
		Release|Any CPU = Release|Any CPU
	EndGlobalSection
	GlobalSection(ProjectConfigurationPlatforms) = postSolution
		{5FDE8306-68C3-4848-A563-3448EB32A74C}.Debug|Any CPU.ActiveCfg = Debug|Any CPU
		{5FDE8306-68C3-4848-A563-3448EB32A74C}.Debug|Any CPU.Build.0 = Debug|Any CPU
		{5FDE8306-68C3-4848-A563-3448EB32A74C}.Release|Any CPU.ActiveCfg = Release|Any CPU
		{5FDE8306-68C3-4848-A563-3448EB32A74C}.Release|Any CPU.Build.0 = Release|Any CPU
	EndGlobalSection
	GlobalSection(SolutionProperties) = preSolution
		HideSolutionNode = FALSE
	EndGlobalSection
	GlobalSection(ExtensibilityGlobals) = postSolution
		SolutionGuid = {94C64BE2-B18C-4CE0-913E-8DE9073F030B}
	EndGlobalSection
EndGlobal
